
Microsoft Visual Studio Solution File, Format Version 12.00
# Visual Studio Version 17
VisualStudioVersion = 17.1.32414.318
MinimumVisualStudioVersion = 10.0.40219.1
Project("{9A19103F-16F7-4668-BE54-9A1E7A4F7556}") = "Wlkr.Core.EFCore.SqlServer", "Wlkr.Core.EFCore.SqlServer\Wlkr.Core.EFCore.SqlServer.csproj", "{5DF16D05-5ABF-41F6-ACD8-115FD412A85C}"
EndProject
Project("{FAE04EC0-301F-11D3-BF4B-00C04F79EFBC}") = "EFCoreSample", "EFCoreSample\EFCoreSample.csproj", "{6D48255E-B84A-48FE-B32F-32CDC95F0C69}"
EndProject
Global
	GlobalSection(SolutionConfigurationPlatforms) = preSolution
		Debug|Any CPU = Debug|Any CPU
		Release|Any CPU = Release|Any CPU
	EndGlobalSection
	GlobalSection(ProjectConfigurationPlatforms) = postSolution
		{5DF16D05-5ABF-41F6-ACD8-115FD412A85C}.Debug|Any CPU.ActiveCfg = Debug|Any CPU
		{5DF16D05-5ABF-41F6-ACD8-115FD412A85C}.Debug|Any CPU.Build.0 = Debug|Any CPU
		{5DF16D05-5ABF-41F6-ACD8-115FD412A85C}.Release|Any CPU.ActiveCfg = Release|Any CPU
		{5DF16D05-5ABF-41F6-ACD8-115FD412A85C}.Release|Any CPU.Build.0 = Release|Any CPU
		{6D48255E-B84A-48FE-B32F-32CDC95F0C69}.Debug|Any CPU.ActiveCfg = Debug|Any CPU
		{6D48255E-B84A-48FE-B32F-32CDC95F0C69}.Debug|Any CPU.Build.0 = Debug|Any CPU
		{6D48255E-B84A-48FE-B32F-32CDC95F0C69}.Release|Any CPU.ActiveCfg = Release|Any CPU
		{6D48255E-B84A-48FE-B32F-32CDC95F0C69}.Release|Any CPU.Build.0 = Release|Any CPU
	EndGlobalSection
	GlobalSection(SolutionProperties) = preSolution
		HideSolutionNode = FALSE
	EndGlobalSection
	GlobalSection(ExtensibilityGlobals) = postSolution
		SolutionGuid = {47519327-E563-493D-98E9-5E02E9AC0CAD}
	EndGlobalSection
EndGlobal
